<?xml version="1.0" encoding="utf-8"?>
<Project ToolsVersion="4.0" xmlns="http://schemas.microsoft.com/developer/msbuild/2003">
  <ItemGroup>
    <Filter Include="Source Files">
      <UniqueIdentifier>{f5f9a0ff-f2bc-40c5-ae6c-f5e08efd0e24}</UniqueIdentifier>
      <Extensions>cpp;c;cxx;rc;def;r;odl;idl;hpj;bat</Extensions>
    </Filter>
    <Filter Include="Header Files">
      <UniqueIdentifier>{5e509a5c-70b5-45ba-981f-63ecccbe5b5f}</UniqueIdentifier>
      <Extensions>h;hpp;hxx;hm;inl</Extensions>
    </Filter>
  </ItemGroup>
  <ItemGroup>
    <ClCompile Include="Assembly.cpp">
      <Filter>Source Files</Filter>
    </ClCompile>
    <ClCompile Include="Box.cpp">
      <Filter>Source Files</Filter>
    </ClCompile>
    <ClCompile Include="Cylinder.cpp">
      <Filter>Source Files</Filter>
    </ClCompile>
    <ClCompile Include="List.cpp">
      <Filter>Source Files</Filter>
    </ClCompile>
    <ClCompile Include="ListElement.cpp">
      <Filter>Source Files</Filter>
    </ClCompile>
    <ClCompile Include="Muscle.cpp">
      <Filter>Source Files</Filter>
    </ClCompile>
    <ClCompile Include="MuscleGroup.cpp">
      <Filter>Source Files</Filter>
    </ClCompile>
    <ClCompile Include="Node.cpp">
      <Filter>Source Files</Filter>
    </ClCompile>
    <ClCompile Include="Spring.cpp">
      <Filter>Source Files</Filter>
    </ClCompile>
    <ClCompile Include="SpringBase.cpp">
      <Filter>Source Files</Filter>
    </ClCompile>
    <ClCompile Include="Status.cpp">
      <Filter>Source Files</Filter>
    </ClCompile>
    <ClCompile Include="Sucker.cpp">
      <Filter>Source Files</Filter>
    </ClCompile>
    <ClCompile Include="Surface.cpp">
      <Filter>Source Files</Filter>
    </ClCompile>
    <ClCompile Include="Vector.cpp">
      <Filter>Source Files</Filter>
    </ClCompile>
  </ItemGroup>
  <ItemGroup>
    <ClInclude Include="Box.hpp">
      <Filter>Header Files</Filter>
    </ClInclude>
    <ClInclude Include="Bricks.hpp">
      <Filter>Header Files</Filter>
    </ClInclude>
    <ClInclude Include="Cement.hpp">
      <Filter>Header Files</Filter>
    </ClInclude>
    <ClInclude Include="Cylinder.hpp">
      <Filter>Header Files</Filter>
    </ClInclude>
    <ClInclude Include="Globals.h">
      <Filter>Header Files</Filter>
    </ClInclude>
    <ClInclude Include="List.hpp">
      <Filter>Header Files</Filter>
    </ClInclude>
    <ClInclude Include="ListElement.hpp">
      <Filter>Header Files</Filter>
    </ClInclude>
    <ClInclude Include="MuscleGroup.hpp">
      <Filter>Header Files</Filter>
    </ClInclude>
    <ClInclude Include="Spring.hpp">
      <Filter>Header Files</Filter>
    </ClInclude>
    <ClInclude Include="Status.hpp">
      <Filter>Header Files</Filter>
    </ClInclude>
    <ClInclude Include="Sucker.hpp">
      <Filter>Header Files</Filter>
    </ClInclude>
    <ClInclude Include="Vector.hpp">
      <Filter>Header Files</Filter>
    </ClInclude>
    <ClInclude Include="Volume.hpp">
      <Filter>Header Files</Filter>
    </ClInclude>
  </ItemGroup>
</Project>