<?xml version="1.0" encoding="utf-8"?>
<Project ToolsVersion="4.0" xmlns="http://schemas.microsoft.com/developer/msbuild/2003">
  <ItemGroup>
    <Filter Include="Source Files">
      <UniqueIdentifier>{5fd1c6b0-4500-4202-b775-bbe223f04a23}</UniqueIdentifier>
      <Extensions>cpp;c;cxx;rc;def;r;odl;idl;hpj;bat</Extensions>
    </Filter>
    <Filter Include="Header Files">
      <UniqueIdentifier>{ed1192e5-bff3-493b-9e93-93d369c4abcb}</UniqueIdentifier>
      <Extensions>h;hpp;hxx;hm;inl</Extensions>
    </Filter>
  </ItemGroup>
  <ItemGroup>
    <ClCompile Include="BP_C-api.cpp">
      <Filter>Source Files</Filter>
    </ClCompile>
    <ClCompile Include="BP_EndpointList.cpp">
      <Filter>Source Files</Filter>
    </ClCompile>
    <ClCompile Include="BP_Proxy.cpp">
      <Filter>Source Files</Filter>
    </ClCompile>
    <ClCompile Include="BP_Scene.cpp">
      <Filter>Source Files</Filter>
    </ClCompile>
    <ClCompile Include="DT_Accuracy.cpp">
      <Filter>Source Files</Filter>
    </ClCompile>
    <ClCompile Include="DT_BBoxTree.cpp">
      <Filter>Source Files</Filter>
    </ClCompile>
    <ClCompile Include="DT_Box.cpp">
      <Filter>Source Files</Filter>
    </ClCompile>
    <ClCompile Include="DT_C-api.cpp">
      <Filter>Source Files</Filter>
    </ClCompile>
    <ClCompile Include="DT_Complex.cpp">
      <Filter>Source Files</Filter>
    </ClCompile>
    <ClCompile Include="DT_Cone.cpp">
      <Filter>Source Files</Filter>
    </ClCompile>
    <ClCompile Include="DT_Convex.cpp">
      <Filter>Source Files</Filter>
    </ClCompile>
    <ClCompile Include="DT_Cylinder.cpp">
      <Filter>Source Files</Filter>
    </ClCompile>
    <ClCompile Include="DT_Encounter.cpp">
      <Filter>Source Files</Filter>
    </ClCompile>
    <ClCompile Include="DT_Facet.cpp">
      <Filter>Source Files</Filter>
    </ClCompile>
    <ClCompile Include="DT_LineSegment.cpp">
      <Filter>Source Files</Filter>
    </ClCompile>
    <ClCompile Include="DT_Object.cpp">
      <Filter>Source Files</Filter>
    </ClCompile>
    <ClCompile Include="DT_PenDepth.cpp">
      <Filter>Source Files</Filter>
    </ClCompile>
    <ClCompile Include="DT_Point.cpp">
      <Filter>Source Files</Filter>
    </ClCompile>
    <ClCompile Include="DT_Polyhedron.cpp">
      <Filter>Source Files</Filter>
    </ClCompile>
    <ClCompile Include="DT_Polytope.cpp">
      <Filter>Source Files</Filter>
    </ClCompile>
    <ClCompile Include="DT_RespTable.cpp">
      <Filter>Source Files</Filter>
    </ClCompile>
    <ClCompile Include="DT_Scene.cpp">
      <Filter>Source Files</Filter>
    </ClCompile>
    <ClCompile Include="DT_Sphere.cpp">
      <Filter>Source Files</Filter>
    </ClCompile>
    <ClCompile Include="DT_Triangle.cpp">
      <Filter>Source Files</Filter>
    </ClCompile>
    <ClCompile Include="Dynamic.cpp">
      <Filter>Source Files</Filter>
    </ClCompile>
    <ClCompile Include="Kinetic.cpp">
      <Filter>Source Files</Filter>
    </ClCompile>
    <ClCompile Include="RigidBody.cpp">
      <Filter>Source Files</Filter>
    </ClCompile>
  </ItemGroup>
  <ItemGroup>
    <ClInclude Include="BP_Endpoint.h">
      <Filter>Header Files</Filter>
    </ClInclude>
    <ClInclude Include="BP_EndpointList.h">
      <Filter>Header Files</Filter>
    </ClInclude>
    <ClInclude Include="BP_Proxy.h">
      <Filter>Header Files</Filter>
    </ClInclude>
    <ClInclude Include="BP_ProxyList.h">
      <Filter>Header Files</Filter>
    </ClInclude>
    <ClInclude Include="BP_Scene.h">
      <Filter>Header Files</Filter>
    </ClInclude>
    <ClInclude Include="DT_Accuracy.h">
      <Filter>Header Files</Filter>
    </ClInclude>
    <ClInclude Include="DT_AlgoTable.h">
      <Filter>Header Files</Filter>
    </ClInclude>
    <ClInclude Include="DT_Array.h">
      <Filter>Header Files</Filter>
    </ClInclude>
    <ClInclude Include="DT_BBoxTree.h">
      <Filter>Header Files</Filter>
    </ClInclude>
    <ClInclude Include="DT_Box.h">
      <Filter>Header Files</Filter>
    </ClInclude>
    <ClInclude Include="DT_CBox.h">
      <Filter>Header Files</Filter>
    </ClInclude>
    <ClInclude Include="DT_Complex.h">
      <Filter>Header Files</Filter>
    </ClInclude>
    <ClInclude Include="DT_Cone.h">
      <Filter>Header Files</Filter>
    </ClInclude>
    <ClInclude Include="DT_Convex.h">
      <Filter>Header Files</Filter>
    </ClInclude>
    <ClInclude Include="DT_Cylinder.h">
      <Filter>Header Files</Filter>
    </ClInclude>
    <ClInclude Include="DT_Encounter.h">
      <Filter>Header Files</Filter>
    </ClInclude>
    <ClInclude Include="DT_Facet.h">
      <Filter>Header Files</Filter>
    </ClInclude>
    <ClInclude Include="DT_GJK.h">
      <Filter>Header Files</Filter>
    </ClInclude>
    <ClInclude Include="DT_Hull.h">
      <Filter>Header Files</Filter>
    </ClInclude>
    <ClInclude Include="DT_IndexArray.h">
      <Filter>Header Files</Filter>
    </ClInclude>
    <ClInclude Include="DT_LineSegment.h">
      <Filter>Header Files</Filter>
    </ClInclude>
    <ClInclude Include="DT_Minkowski.h">
      <Filter>Header Files</Filter>
    </ClInclude>
    <ClInclude Include="DT_Object.h">
      <Filter>Header Files</Filter>
    </ClInclude>
    <ClInclude Include="DT_PenDepth.h">
      <Filter>Header Files</Filter>
    </ClInclude>
    <ClInclude Include="DT_Point.h">
      <Filter>Header Files</Filter>
    </ClInclude>
    <ClInclude Include="DT_Polyhedron.h">
      <Filter>Header Files</Filter>
    </ClInclude>
    <ClInclude Include="DT_Polytope.h">
      <Filter>Header Files</Filter>
    </ClInclude>
    <ClInclude Include="DT_Response.h">
      <Filter>Header Files</Filter>
    </ClInclude>
    <ClInclude Include="DT_RespTable.h">
      <Filter>Header Files</Filter>
    </ClInclude>
    <ClInclude Include="DT_Scene.h">
      <Filter>Header Files</Filter>
    </ClInclude>
    <ClInclude Include="DT_Shape.h">
      <Filter>Header Files</Filter>
    </ClInclude>
    <ClInclude Include="DT_Sphere.h">
      <Filter>Header Files</Filter>
    </ClInclude>
    <ClInclude Include="DT_Transform.h">
      <Filter>Header Files</Filter>
    </ClInclude>
    <ClInclude Include="DT_Triangle.h">
      <Filter>Header Files</Filter>
    </ClInclude>
    <ClInclude Include="DT_VertexBase.h">
      <Filter>Header Files</Filter>
    </ClInclude>
    <ClInclude Include="Dynamic.h">
      <Filter>Header Files</Filter>
    </ClInclude>
    <ClInclude Include="GEN_MinMax.h">
      <Filter>Header Files</Filter>
    </ClInclude>
    <ClInclude Include="GEN_random.h">
      <Filter>Header Files</Filter>
    </ClInclude>
    <ClInclude Include="Kinetic.h">
      <Filter>Header Files</Filter>
    </ClInclude>
    <ClInclude Include="MT_BBox.h">
      <Filter>Header Files</Filter>
    </ClInclude>
    <ClInclude Include="MT_Interval.h">
      <Filter>Header Files</Filter>
    </ClInclude>
    <ClInclude Include="MT_Matrix3x3.h">
      <Filter>Header Files</Filter>
    </ClInclude>
    <ClInclude Include="MT_Point3.h">
      <Filter>Header Files</Filter>
    </ClInclude>
    <ClInclude Include="MT_Quaternion.h">
      <Filter>Header Files</Filter>
    </ClInclude>
    <ClInclude Include="MT_Scalar.h">
      <Filter>Header Files</Filter>
    </ClInclude>
    <ClInclude Include="MT_Transform.h">
      <Filter>Header Files</Filter>
    </ClInclude>
    <ClInclude Include="MT_Vector3.h">
      <Filter>Header Files</Filter>
    </ClInclude>
    <ClInclude Include="RigidBody.h">
      <Filter>Header Files</Filter>
    </ClInclude>
    <ClInclude Include="SOLID.h">
      <Filter>Header Files</Filter>
    </ClInclude>
    <ClInclude Include="Solid.hpp">
      <Filter>Header Files</Filter>
    </ClInclude>
    <ClInclude Include="SOLID_broad.h">
      <Filter>Header Files</Filter>
    </ClInclude>
    <ClInclude Include="SOLID_types.h">
      <Filter>Header Files</Filter>
    </ClInclude>
    <ClInclude Include="include\MT\Interval.h">
      <Filter>Header Files</Filter>
    </ClInclude>
    <ClInclude Include="include\MT\Matrix3x3.h">
      <Filter>Header Files</Filter>
    </ClInclude>
    <ClInclude Include="include\MT\Quaternion.h">
      <Filter>Header Files</Filter>
    </ClInclude>
    <ClInclude Include="include\MT\Transform.h">
      <Filter>Header Files</Filter>
    </ClInclude>
    <ClInclude Include="include\MT\Tuple3.h">
      <Filter>Header Files</Filter>
    </ClInclude>
    <ClInclude Include="include\MT\Tuple4.h">
      <Filter>Header Files</Filter>
    </ClInclude>
    <ClInclude Include="include\MT\Vector3.h">
      <Filter>Header Files</Filter>
    </ClInclude>
  </ItemGroup>
</Project>